
Microsoft Visual Studio Solution File, Format Version 12.00
# Visual Studio 15
VisualStudioVersion = 15.0.28307.136
MinimumVisualStudioVersion = 10.0.40219.1
Project("{00D1A9C2-B5F0-4AF3-8072-F6C62B433612}") = "myDatabaseProject", "myDatabaseProject\myDatabaseProject.sqlproj", "{26F96ABC-7FC2-43F0-89BB-033399CCE5A8}"
EndProject
Global
	GlobalSection(SolutionConfigurationPlatforms) = preSolution
		Debug|Any CPU = Debug|Any CPU
		Release|Any CPU = Release|Any CPU
	EndGlobalSection
	GlobalSection(ProjectConfigurationPlatforms) = postSolution
		{26F96ABC-7FC2-43F0-89BB-033399CCE5A8}.Debug|Any CPU.ActiveCfg = Debug|Any CPU
		{26F96ABC-7FC2-43F0-89BB-033399CCE5A8}.Debug|Any CPU.Build.0 = Debug|Any CPU
		{26F96ABC-7FC2-43F0-89BB-033399CCE5A8}.Debug|Any CPU.Deploy.0 = Debug|Any CPU
		{26F96ABC-7FC2-43F0-89BB-033399CCE5A8}.Release|Any CPU.ActiveCfg = Release|Any CPU
		{26F96ABC-7FC2-43F0-89BB-033399CCE5A8}.Release|Any CPU.Build.0 = Release|Any CPU
		{26F96ABC-7FC2-43F0-89BB-033399CCE5A8}.Release|Any CPU.Deploy.0 = Release|Any CPU
	EndGlobalSection
	GlobalSection(SolutionProperties) = preSolution
		HideSolutionNode = FALSE
	EndGlobalSection
	GlobalSection(ExtensibilityGlobals) = postSolution
		SolutionGuid = {64E64BFB-D97C-420C-8AFA-65D07C36ED7F}
	EndGlobalSection
EndGlobal
