
Microsoft Visual Studio Solution File, Format Version 12.00
# Visual Studio 15
VisualStudioVersion = 15.0.28307.136
MinimumVisualStudioVersion = 10.0.40219.1
Project("{D2ABAB84-BF74-430A-B69E-9DC6D40DDA17}") = "MultidimensionalProject1", "MultidimensionalProject1\MultidimensionalProject1.dwproj", "{7EDDB848-6249-4968-AFF0-E63CB3880447}"
EndProject
Global
	GlobalSection(SolutionConfigurationPlatforms) = preSolution
		Development|Default = Development|Default
	EndGlobalSection
	GlobalSection(ProjectConfigurationPlatforms) = postSolution
		{7EDDB848-6249-4968-AFF0-E63CB3880447}.Development|Default.ActiveCfg = Development
		{7EDDB848-6249-4968-AFF0-E63CB3880447}.Development|Default.Build.0 = Development
		{7EDDB848-6249-4968-AFF0-E63CB3880447}.Development|Default.Deploy.0 = Development
	EndGlobalSection
	GlobalSection(SolutionProperties) = preSolution
		HideSolutionNode = FALSE
	EndGlobalSection
	GlobalSection(ExtensibilityGlobals) = postSolution
		SolutionGuid = {094C915F-5BD8-46D7-9DE8-C33A3D84ABC9}
	EndGlobalSection
EndGlobal
